
Microsoft Visual Studio Solution File, Format Version 12.00
# Visual Studio 15
VisualStudioVersion = 15.0.27130.2026
MinimumVisualStudioVersion = 10.0.40219.1
Project("{FAE04EC0-301F-11D3-BF4B-00C04F79EFBC}") = "IPMA", "IPMA.csproj", "{F5D67224-55B7-4028-8BCF-665AF38D931B}"
EndProject
Global
	GlobalSection(SolutionConfigurationPlatforms) = preSolution
		Debug|Any CPU = Debug|Any CPU
		Release|Any CPU = Release|Any CPU
	EndGlobalSection
	GlobalSection(ProjectConfigurationPlatforms) = postSolution
		{F5D67224-55B7-4028-8BCF-665AF38D931B}.Debug|Any CPU.ActiveCfg = Debug|Any CPU
		{F5D67224-55B7-4028-8BCF-665AF38D931B}.Debug|Any CPU.Build.0 = Debug|Any CPU
		{F5D67224-55B7-4028-8BCF-665AF38D931B}.Release|Any CPU.ActiveCfg = Release|Any CPU
		{F5D67224-55B7-4028-8BCF-665AF38D931B}.Release|Any CPU.Build.0 = Release|Any CPU
	EndGlobalSection
	GlobalSection(SolutionProperties) = preSolution
		HideSolutionNode = FALSE
	EndGlobalSection
	GlobalSection(ExtensibilityGlobals) = postSolution
		SolutionGuid = {C4B92D35-C12D-488A-9D16-8CC551BAB1FA}
	EndGlobalSection
EndGlobal
